dependencies:
  espressif/esp_lcd_touch:
    component_hash: 779b4ba2464a3ae85681e4b860caa5fdc35801458c23f3039ee761bae7f442a4
    source:
      service_url: https://api.components.espressif.com/
      type: service
    version: 1.1.2
  espressif/esp_lcd_touch_gt911:
    component_hash: 664c544533b91497f29b41e045bb4374a0d4d002f9d8c67c7c1bf43fb4179e3f
    source:
      service_url: https://api.components.espressif.com/
      type: service
    version: 1.1.1
  idf:
    component_hash: null
    source:
      type: idf
    version: 5.3.0
  lvgl/lvgl:
    component_hash: 0742aa46a3189aac7f6ec608d7b484811be64aea15d272038e909428f13a2d5e
    source:
      git: https://github.com/lvgl/lvgl.git
      path: .
      type: git
    version: ccb7bf29cc3e555bf5c7f27e73e3e6f952f4af67
manifest_hash: 9dbaaf0db6fc3a8efb554bf0406deaadb868ba5e44abf1b98d6f95fa1360cdde
target: esp32s3
version: 1.0.0
